
Microsoft Visual Studio Solution File, Format Version 12.00
# Visual Studio 15
VisualStudioVersion = 15.0.27130.2027
MinimumVisualStudioVersion = 10.0.40219.1
Project("{FAE04EC0-301F-11D3-BF4B-00C04F79EFBC}") = "SimpleUdp", "SimpleUdp.csproj", "{0723569E-341E-4CED-9CCC-9C74FE427CBE}"
EndProject
Global
	GlobalSection(SolutionConfigurationPlatforms) = preSolution
		Debug|Any CPU = Debug|Any CPU
		Release|Any CPU = Release|Any CPU
	EndGlobalSection
	GlobalSection(ProjectConfigurationPlatforms) = postSolution
		{0723569E-341E-4CED-9CCC-9C74FE427CBE}.Debug|Any CPU.ActiveCfg = Debug|Any CPU
		{0723569E-341E-4CED-9CCC-9C74FE427CBE}.Debug|Any CPU.Build.0 = Debug|Any CPU
		{0723569E-341E-4CED-9CCC-9C74FE427CBE}.Release|Any CPU.ActiveCfg = Release|Any CPU
		{0723569E-341E-4CED-9CCC-9C74FE427CBE}.Release|Any CPU.Build.0 = Release|Any CPU
	EndGlobalSection
	GlobalSection(SolutionProperties) = preSolution
		HideSolutionNode = FALSE
	EndGlobalSection
	GlobalSection(ExtensibilityGlobals) = postSolution
		SolutionGuid = {11216940-F190-4F68-BCDF-0F70A3B1922D}
	EndGlobalSection
EndGlobal
